{
  "version": 4,
  "terraform_version": "1.2.4",
  "serial": 721,
  "lineage": "92e6c3d3-fdcd-c617-2eed-a38687f7af6a",
  "outputs": {
    "ip": {
      "value": "3.89.191.148",
      "type": "string"
    }
  },
  "resources": [
    {
      "mode": "data",
      "type": "template_file",
      "name": "startup",
      "provider": "provider[\"registry.terraform.io/hashicorp/template\"]",
      "instances": [
        {
          "schema_version": 0,
          "attributes": {
            "filename": null,
            "id": "ac590d86f11e5508656871769f2378da69d285ef59048912dfa0a2d7175a5931",
            "rendered": "#!/bin/bash\n\nsudo apt-get update\n\n# setup docker and nginx\n\nsudo apt-get install -y curl wget\n\ncurl -fsSL https://get.docker.com | bash\nsudo docker pull nginx\n\n# Setup amazon-efs-utils\n\nsudo apt-get install -y git binutils\n\ncd /home/\n\ngit clone https://github.com/aws/efs-utils\n\ncd efs-utils\n\n./build-deb.sh\n\nsudo apt-get -y install ./build/amazon-efs-utils*deb\n\ncd /home/\n\nif echo $(python3 -V 2\u003e\u00261) | grep -e \"Python 3.6\"; then\n    sudo wget https://bootstrap.pypa.io/pip/3.6/get-pip.py -O /tmp/get-pip.py\nelif echo $(python3 -V 2\u003e\u00261) | grep -e \"Python 3.5\"; then\n    sudo wget https://bootstrap.pypa.io/pip/3.5/get-pip.py -O /tmp/get-pip.py\nelif echo $(python3 -V 2\u003e\u00261) | grep -e \"Python 3.4\"; then\n    sudo wget https://bootstrap.pypa.io/pip/3.4/get-pip.py -O /tmp/get-pip.py\nelse\n    sudo apt-get -y install python3-distutils\n    sudo wget https://bootstrap.pypa.io/get-pip.py -O /tmp/get-pip.py\nfi\n\nsudo python3 /tmp/get-pip.py\nsudo pip3 install botocore\n\nmkdir efs\n\nefs_id=\"fs-0ebf3053abfd22f66\"\n\necho \"[!] Sleeping for 120 secs\"\nsleep 120\n\necho \"[+] Running: mount -t efs $efs_id:/ /usr/share/nginx/html\"\n\nsudo mount -t efs $efs_id:/ /home/efs\n\ncd /home/efs\n\nsudo git clone https://github.com/cloudacademy/static-website-example.git .\n\nsudo docker run -d --name nginx -p 80:80 -v /home/efs:/usr/share/nginx/html nginx\n",
            "template": "#!/bin/bash\n\nsudo apt-get update\n\n# setup docker and nginx\n\nsudo apt-get install -y curl wget\n\ncurl -fsSL https://get.docker.com | bash\nsudo docker pull nginx\n\n# Setup amazon-efs-utils\n\nsudo apt-get install -y git binutils\n\ncd /home/\n\ngit clone https://github.com/aws/efs-utils\n\ncd efs-utils\n\n./build-deb.sh\n\nsudo apt-get -y install ./build/amazon-efs-utils*deb\n\ncd /home/\n\nif echo $(python3 -V 2\u003e\u00261) | grep -e \"Python 3.6\"; then\n    sudo wget https://bootstrap.pypa.io/pip/3.6/get-pip.py -O /tmp/get-pip.py\nelif echo $(python3 -V 2\u003e\u00261) | grep -e \"Python 3.5\"; then\n    sudo wget https://bootstrap.pypa.io/pip/3.5/get-pip.py -O /tmp/get-pip.py\nelif echo $(python3 -V 2\u003e\u00261) | grep -e \"Python 3.4\"; then\n    sudo wget https://bootstrap.pypa.io/pip/3.4/get-pip.py -O /tmp/get-pip.py\nelse\n    sudo apt-get -y install python3-distutils\n    sudo wget https://bootstrap.pypa.io/get-pip.py -O /tmp/get-pip.py\nfi\n\nsudo python3 /tmp/get-pip.py\nsudo pip3 install botocore\n\nmkdir efs\n\nefs_id=\"${efs_id}\"\n\necho \"[!] Sleeping for 120 secs\"\nsleep 120\n\necho \"[+] Running: mount -t efs $efs_id:/ /usr/share/nginx/html\"\n\nsudo mount -t efs $efs_id:/ /home/efs\n\ncd /home/efs\n\nsudo git clone https://github.com/cloudacademy/static-website-example.git .\n\nsudo docker run -d --name nginx -p 80:80 -v /home/efs:/usr/share/nginx/html nginx\n",
            "vars": {
              "efs_id": "fs-0ebf3053abfd22f66"
            }
          },
          "sensitive_attributes": []
        }
      ]
    },
    {
      "mode": "managed",
      "type": "aws_efs_access_point",
      "name": "default_efs_access_point",
      "provider": "provider[\"registry.terraform.io/hashicorp/aws\"]",
      "instances": [
        {
          "schema_version": 0,
          "attributes": {
            "arn": "arn:aws:elasticfilesystem:us-east-1:590904442928:access-point/fsap-0369a77d9f060303e",
            "file_system_arn": "arn:aws:elasticfilesystem:us-east-1:590904442928:file-system/fs-0ebf3053abfd22f66",
            "file_system_id": "fs-0ebf3053abfd22f66",
            "id": "fsap-0369a77d9f060303e",
            "owner_id": "590904442928",
            "posix_user": [],
            "root_directory": [
              {
                "creation_info": [],
                "path": "/"
              }
            ],
            "tags": null,
            "tags_all": {}
          },
          "sensitive_attributes": [],
          "private": "bnVsbA==",
          "dependencies": [
            "aws_efs_file_system.default_efs_file_system"
          ]
        }
      ]
    },
    {
      "mode": "managed",
      "type": "aws_efs_file_system",
      "name": "default_efs_file_system",
      "provider": "provider[\"registry.terraform.io/hashicorp/aws\"]",
      "instances": [
        {
          "schema_version": 0,
          "attributes": {
            "arn": "arn:aws:elasticfilesystem:us-east-1:590904442928:file-system/fs-0ebf3053abfd22f66",
            "availability_zone_id": "",
            "availability_zone_name": "",
            "creation_token": "default_efs",
            "dns_name": "fs-0ebf3053abfd22f66.efs.us-east-1.amazonaws.com",
            "encrypted": false,
            "id": "fs-0ebf3053abfd22f66",
            "kms_key_id": "",
            "lifecycle_policy": [],
            "number_of_mount_targets": 0,
            "owner_id": "590904442928",
            "performance_mode": "generalPurpose",
            "provisioned_throughput_in_mibps": 0,
            "size_in_bytes": [
              {
                "value": 6144,
                "value_in_ia": 0,
                "value_in_standard": 6144
              }
            ],
            "tags": {
              "name": "DefaultEFS"
            },
            "tags_all": {
              "name": "DefaultEFS"
            },
            "throughput_mode": "bursting"
          },
          "sensitive_attributes": [],
          "private": "bnVsbA=="
        }
      ]
    },
    {
      "mode": "managed",
      "type": "aws_efs_mount_target",
      "name": "default_efs_mount_target",
      "provider": "provider[\"registry.terraform.io/hashicorp/aws\"]",
      "instances": [
        {
          "schema_version": 0,
          "attributes": {
            "availability_zone_id": "use1-az6",
            "availability_zone_name": "us-east-1d",
            "dns_name": "fs-0ebf3053abfd22f66.efs.us-east-1.amazonaws.com",
            "file_system_arn": "arn:aws:elasticfilesystem:us-east-1:590904442928:file-system/fs-0ebf3053abfd22f66",
            "file_system_id": "fs-0ebf3053abfd22f66",
            "id": "fsmt-037c24576e9ddebbc",
            "ip_address": "10.0.1.42",
            "mount_target_dns_name": "us-east-1d.fs-0ebf3053abfd22f66.efs.us-east-1.amazonaws.com",
            "network_interface_id": "eni-002b2d27691fdc1b6",
            "owner_id": "590904442928",
            "security_groups": [
              "sg-0121406238129820e"
            ],
            "subnet_id": "subnet-013659861138d119a"
          },
          "sensitive_attributes": [],
          "private": "bnVsbA==",
          "dependencies": [
            "aws_efs_file_system.default_efs_file_system",
            "aws_security_group.allow_ssh",
            "aws_subnet.sample_public_subnet_1",
            "aws_vpc.sample_vpc"
          ]
        }
      ]
    },
    {
      "mode": "managed",
      "type": "aws_instance",
      "name": "example",
      "provider": "provider[\"registry.terraform.io/hashicorp/aws\"]",
      "instances": [
        {
          "schema_version": 1,
          "attributes": {
            "ami": "ami-01b996646377b6619",
            "arn": "arn:aws:ec2:us-east-1:590904442928:instance/i-053de25c78814c7b2",
            "associate_public_ip_address": true,
            "availability_zone": "us-east-1d",
            "capacity_reservation_specification": [
              {
                "capacity_reservation_preference": "open",
                "capacity_reservation_target": []
              }
            ],
            "cpu_core_count": 1,
            "cpu_threads_per_core": 1,
            "credit_specification": [
              {
                "cpu_credits": "standard"
              }
            ],
            "disable_api_stop": false,
            "disable_api_termination": false,
            "ebs_block_device": [],
            "ebs_optimized": false,
            "enclave_options": [
              {
                "enabled": false
              }
            ],
            "ephemeral_block_device": [],
            "get_password_data": false,
            "hibernation": false,
            "host_id": null,
            "host_resource_group_arn": null,
            "iam_instance_profile": "",
            "id": "i-053de25c78814c7b2",
            "instance_initiated_shutdown_behavior": "stop",
            "instance_state": "running",
            "instance_type": "t2.micro",
            "ipv6_address_count": 0,
            "ipv6_addresses": [],
            "key_name": "keypair",
            "launch_template": [],
            "maintenance_options": [
              {
                "auto_recovery": "default"
              }
            ],
            "metadata_options": [
              {
                "http_endpoint": "enabled",
                "http_put_response_hop_limit": 1,
                "http_tokens": "optional",
                "instance_metadata_tags": "disabled"
              }
            ],
            "monitoring": false,
            "network_interface": [],
            "outpost_arn": "",
            "password_data": "",
            "placement_group": "",
            "placement_partition_number": null,
            "primary_network_interface_id": "eni-032e0886da165e38a",
            "private_dns": "ip-10-0-1-29.ec2.internal",
            "private_dns_name_options": [
              {
                "enable_resource_name_dns_a_record": false,
                "enable_resource_name_dns_aaaa_record": false,
                "hostname_type": "ip-name"
              }
            ],
            "private_ip": "10.0.1.29",
            "public_dns": "ec2-3-89-191-148.compute-1.amazonaws.com",
            "public_ip": "3.89.191.148",
            "root_block_device": [
              {
                "delete_on_termination": true,
                "device_name": "/dev/sda1",
                "encrypted": false,
                "iops": 100,
                "kms_key_id": "",
                "tags": {},
                "throughput": 0,
                "volume_id": "vol-07b34b8f20aba6963",
                "volume_size": 8,
                "volume_type": "gp2"
              }
            ],
            "secondary_private_ips": [],
            "security_groups": [],
            "source_dest_check": true,
            "subnet_id": "subnet-013659861138d119a",
            "tags": null,
            "tags_all": {},
            "tenancy": "default",
            "timeouts": null,
            "user_data": "4f708eeb2e135775bcd2bdd8da4649105656030c",
            "user_data_base64": null,
            "user_data_replace_on_change": false,
            "volume_tags": null,
            "vpc_security_group_ids": [
              "sg-0121406238129820e"
            ]
          },
          "sensitive_attributes": [],
          "private": "eyJlMmJmYjczMC1lY2FhLTExZTYtOGY4OC0zNDM2M2JjN2M0YzAiOnsiY3JlYXRlIjo2MDAwMDAwMDAwMDAsImRlbGV0ZSI6MTIwMDAwMDAwMDAwMCwidXBkYXRlIjo2MDAwMDAwMDAwMDB9LCJzY2hlbWFfdmVyc2lvbiI6IjEifQ==",
          "dependencies": [
            "aws_efs_file_system.default_efs_file_system",
            "aws_key_pair.keypair",
            "aws_security_group.allow_ssh",
            "aws_subnet.sample_public_subnet_1",
            "aws_vpc.sample_vpc",
            "data.template_file.startup"
          ]
        }
      ]
    },
    {
      "mode": "managed",
      "type": "aws_internet_gateway",
      "name": "sample-internet-gw",
      "provider": "provider[\"registry.terraform.io/hashicorp/aws\"]",
      "instances": [
        {
          "schema_version": 0,
          "attributes": {
            "arn": "arn:aws:ec2:us-east-1:590904442928:internet-gateway/igw-005365c4b865d32a8",
            "id": "igw-005365c4b865d32a8",
            "owner_id": "590904442928",
            "tags": null,
            "tags_all": {},
            "timeouts": null,
            "vpc_id": "vpc-06c39778c6b26e341"
          },
          "sensitive_attributes": [],
          "private": "eyJlMmJmYjczMC1lY2FhLTExZTYtOGY4OC0zNDM2M2JjN2M0YzAiOnsiY3JlYXRlIjoxMjAwMDAwMDAwMDAwLCJkZWxldGUiOjEyMDAwMDAwMDAwMDAsInVwZGF0ZSI6MTIwMDAwMDAwMDAwMH19",
          "dependencies": [
            "aws_vpc.sample_vpc"
          ]
        }
      ]
    },
    {
      "mode": "managed",
      "type": "aws_key_pair",
      "name": "keypair",
      "provider": "provider[\"registry.terraform.io/hashicorp/aws\"]",
      "instances": [
        {
          "schema_version": 1,
          "attributes": {
            "arn": "arn:aws:ec2:us-east-1:590904442928:key-pair/keypair",
            "fingerprint": "ae:95:68:37:dc:68:d8:0f:a6:1c:53:44:f3:ed:02:37",
            "id": "keypair",
            "key_name": "keypair",
            "key_name_prefix": "",
            "key_pair_id": "key-021cf3d8cc9cba2e4",
            "key_type": "rsa",
            "public_key": "ssh-rsa AAAAB3NzaC1yc2EAAAADAQABAAABAQC6EOmM7xIjjyDP5cyJn3pmC+AaAh6uKqA/JCDm40hlhX19RNI49Nfw4JdYtb1pVV6LJ5rnE9JQ83CT96zbYENOEDhawjH+7o2xqmyO/Yv+1V1tKiABKa/zXu+CUS1W5khxx9xUAyxZe3jtzog6nxLh0zfl+dF3kd7WD9xLBPXqTtFgWwGM9K6AcLojKa6tV3YK1u6Jy4sfIKJJIsUDZ2c9aTuO+AaSd0Za6J21fMCPhmAet2j4GY9pJLSlM4qH6ECNnwzfySlQ4CaE1IWnJXPQ1XVDSavfEtaSGW0dBke/1OPTAO+1mhSGMHpmHt+20J3stlVHRLU3NQAr/5fsy2xx vagr@DESKTOP-Q0TK4C4",
            "tags": null,
            "tags_all": {}
          },
          "sensitive_attributes": [],
          "private": "eyJzY2hlbWFfdmVyc2lvbiI6IjEifQ=="
        }
      ]
    },
    {
      "mode": "managed",
      "type": "aws_route_table",
      "name": "sample_public",
      "provider": "provider[\"registry.terraform.io/hashicorp/aws\"]",
      "instances": [
        {
          "schema_version": 0,
          "attributes": {
            "arn": "arn:aws:ec2:us-east-1:590904442928:route-table/rtb-02e62207e3dde4b09",
            "id": "rtb-02e62207e3dde4b09",
            "owner_id": "590904442928",
            "propagating_vgws": [],
            "route": [
              {
                "carrier_gateway_id": "",
                "cidr_block": "0.0.0.0/0",
                "core_network_arn": "",
                "destination_prefix_list_id": "",
                "egress_only_gateway_id": "",
                "gateway_id": "igw-005365c4b865d32a8",
                "instance_id": "",
                "ipv6_cidr_block": "",
                "local_gateway_id": "",
                "nat_gateway_id": "",
                "network_interface_id": "",
                "transit_gateway_id": "",
                "vpc_endpoint_id": "",
                "vpc_peering_connection_id": ""
              }
            ],
            "tags": null,
            "tags_all": {},
            "timeouts": null,
            "vpc_id": "vpc-06c39778c6b26e341"
          },
          "sensitive_attributes": [],
          "private": "eyJlMmJmYjczMC1lY2FhLTExZTYtOGY4OC0zNDM2M2JjN2M0YzAiOnsiY3JlYXRlIjozMDAwMDAwMDAwMDAsImRlbGV0ZSI6MzAwMDAwMDAwMDAwLCJ1cGRhdGUiOjEyMDAwMDAwMDAwMH19",
          "dependencies": [
            "aws_internet_gateway.sample-internet-gw",
            "aws_vpc.sample_vpc"
          ]
        }
      ]
    },
    {
      "mode": "managed",
      "type": "aws_route_table_association",
      "name": "sample_public_1",
      "provider": "provider[\"registry.terraform.io/hashicorp/aws\"]",
      "instances": [
        {
          "schema_version": 0,
          "attributes": {
            "gateway_id": "",
            "id": "rtbassoc-06f53f6835f592b6e",
            "route_table_id": "rtb-02e62207e3dde4b09",
            "subnet_id": "subnet-013659861138d119a"
          },
          "sensitive_attributes": [],
          "private": "bnVsbA==",
          "dependencies": [
            "aws_internet_gateway.sample-internet-gw",
            "aws_route_table.sample_public",
            "aws_subnet.sample_public_subnet_1",
            "aws_vpc.sample_vpc"
          ]
        }
      ]
    },
    {
      "mode": "managed",
      "type": "aws_s3_bucket",
      "name": "fpuiashd_default_bucket_s3",
      "provider": "provider[\"registry.terraform.io/hashicorp/aws\"]",
      "instances": [
        {
          "schema_version": 0,
          "attributes": {
            "acceleration_status": "",
            "acl": null,
            "arn": "arn:aws:s3:::fpuiashd-default-s3-bucket",
            "bucket": "fpuiashd-default-s3-bucket",
            "bucket_domain_name": "fpuiashd-default-s3-bucket.s3.amazonaws.com",
            "bucket_prefix": null,
            "bucket_regional_domain_name": "fpuiashd-default-s3-bucket.s3.amazonaws.com",
            "cors_rule": [],
            "force_destroy": false,
            "grant": [
              {
                "id": "49649c0b0c703425a53a8330bef128a9ac8837d4ec81980a905cbd53f9608fd8",
                "permissions": [
                  "FULL_CONTROL"
                ],
                "type": "CanonicalUser",
                "uri": ""
              }
            ],
            "hosted_zone_id": "Z3AQBSTGFYJSTF",
            "id": "fpuiashd-default-s3-bucket",
            "lifecycle_rule": [],
            "logging": [],
            "object_lock_configuration": [],
            "object_lock_enabled": false,
            "policy": "",
            "region": "us-east-1",
            "replication_configuration": [],
            "request_payer": "BucketOwner",
            "server_side_encryption_configuration": [],
            "tags": {
              "Environment": "Prod",
              "Name": "fpuiashd Default S3 Bucket"
            },
            "tags_all": {
              "Environment": "Prod",
              "Name": "fpuiashd Default S3 Bucket"
            },
            "timeouts": null,
            "versioning": [
              {
                "enabled": false,
                "mfa_delete": false
              }
            ],
            "website": [],
            "website_domain": null,
            "website_endpoint": null
          },
          "sensitive_attributes": [],
          "private": "eyJlMmJmYjczMC1lY2FhLTExZTYtOGY4OC0zNDM2M2JjN2M0YzAiOnsiY3JlYXRlIjoxMjAwMDAwMDAwMDAwLCJkZWxldGUiOjM2MDAwMDAwMDAwMDAsInJlYWQiOjEyMDAwMDAwMDAwMDAsInVwZGF0ZSI6MTIwMDAwMDAwMDAwMH19"
        }
      ]
    },
    {
      "mode": "managed",
      "type": "aws_s3_bucket_acl",
      "name": "fpuiashd_default_bucket_s3_acl",
      "provider": "provider[\"registry.terraform.io/hashicorp/aws\"]",
      "instances": [
        {
          "schema_version": 0,
          "attributes": {
            "access_control_policy": [
              {
                "grant": [
                  {
                    "grantee": [
                      {
                        "display_name": "",
                        "email_address": "",
                        "id": "",
                        "type": "Group",
                        "uri": "http://acs.amazonaws.com/groups/global/AllUsers"
                      }
                    ],
                    "permission": "READ"
                  },
                  {
                    "grantee": [
                      {
                        "display_name": "victor.alessander.gr",
                        "email_address": "",
                        "id": "49649c0b0c703425a53a8330bef128a9ac8837d4ec81980a905cbd53f9608fd8",
                        "type": "CanonicalUser",
                        "uri": ""
                      }
                    ],
                    "permission": "FULL_CONTROL"
                  }
                ],
                "owner": [
                  {
                    "display_name": "victor.alessander.gr",
                    "id": "49649c0b0c703425a53a8330bef128a9ac8837d4ec81980a905cbd53f9608fd8"
                  }
                ]
              }
            ],
            "acl": "public-read",
            "bucket": "fpuiashd-default-s3-bucket",
            "expected_bucket_owner": "",
            "id": "fpuiashd-default-s3-bucket,public-read"
          },
          "sensitive_attributes": [],
          "private": "bnVsbA==",
          "dependencies": [
            "aws_s3_bucket.fpuiashd_default_bucket_s3"
          ]
        }
      ]
    },
    {
      "mode": "managed",
      "type": "aws_security_group",
      "name": "allow_ssh",
      "provider": "provider[\"registry.terraform.io/hashicorp/aws\"]",
      "instances": [
        {
          "schema_version": 1,
          "attributes": {
            "arn": "arn:aws:ec2:us-east-1:590904442928:security-group/sg-0121406238129820e",
            "description": "security group that allows ssh and all egress traffic",
            "egress": [
              {
                "cidr_blocks": [
                  "0.0.0.0/0"
                ],
                "description": "",
                "from_port": 0,
                "ipv6_cidr_blocks": [],
                "prefix_list_ids": [],
                "protocol": "-1",
                "security_groups": [],
                "self": false,
                "to_port": 0
              }
            ],
            "id": "sg-0121406238129820e",
            "ingress": [
              {
                "cidr_blocks": [
                  "0.0.0.0/0"
                ],
                "description": "",
                "from_port": 2049,
                "ipv6_cidr_blocks": [],
                "prefix_list_ids": [],
                "protocol": "tcp",
                "security_groups": [],
                "self": false,
                "to_port": 2049
              },
              {
                "cidr_blocks": [
                  "0.0.0.0/0"
                ],
                "description": "",
                "from_port": 22,
                "ipv6_cidr_blocks": [],
                "prefix_list_ids": [],
                "protocol": "tcp",
                "security_groups": [],
                "self": false,
                "to_port": 22
              },
              {
                "cidr_blocks": [
                  "0.0.0.0/0"
                ],
                "description": "",
                "from_port": 80,
                "ipv6_cidr_blocks": [],
                "prefix_list_ids": [],
                "protocol": "tcp",
                "security_groups": [],
                "self": false,
                "to_port": 80
              }
            ],
            "name": "allow_ssh",
            "name_prefix": "",
            "owner_id": "590904442928",
            "revoke_rules_on_delete": false,
            "tags": null,
            "tags_all": {},
            "timeouts": null,
            "vpc_id": "vpc-06c39778c6b26e341"
          },
          "sensitive_attributes": [],
          "private": "eyJlMmJmYjczMC1lY2FhLTExZTYtOGY4OC0zNDM2M2JjN2M0YzAiOnsiY3JlYXRlIjo2MDAwMDAwMDAwMDAsImRlbGV0ZSI6OTAwMDAwMDAwMDAwfSwic2NoZW1hX3ZlcnNpb24iOiIxIn0=",
          "dependencies": [
            "aws_vpc.sample_vpc"
          ]
        }
      ]
    },
    {
      "mode": "managed",
      "type": "aws_subnet",
      "name": "sample_public_subnet_1",
      "provider": "provider[\"registry.terraform.io/hashicorp/aws\"]",
      "instances": [
        {
          "schema_version": 1,
          "attributes": {
            "arn": "arn:aws:ec2:us-east-1:590904442928:subnet/subnet-013659861138d119a",
            "assign_ipv6_address_on_creation": false,
            "availability_zone": "us-east-1d",
            "availability_zone_id": "use1-az6",
            "cidr_block": "10.0.1.0/24",
            "customer_owned_ipv4_pool": "",
            "enable_dns64": false,
            "enable_resource_name_dns_a_record_on_launch": false,
            "enable_resource_name_dns_aaaa_record_on_launch": false,
            "id": "subnet-013659861138d119a",
            "ipv6_cidr_block": "",
            "ipv6_cidr_block_association_id": "",
            "ipv6_native": false,
            "map_customer_owned_ip_on_launch": false,
            "map_public_ip_on_launch": true,
            "outpost_arn": "",
            "owner_id": "590904442928",
            "private_dns_hostname_type_on_launch": "ip-name",
            "tags": null,
            "tags_all": {},
            "timeouts": null,
            "vpc_id": "vpc-06c39778c6b26e341"
          },
          "sensitive_attributes": [],
          "private": "eyJlMmJmYjczMC1lY2FhLTExZTYtOGY4OC0zNDM2M2JjN2M0YzAiOnsiY3JlYXRlIjo2MDAwMDAwMDAwMDAsImRlbGV0ZSI6MTIwMDAwMDAwMDAwMH0sInNjaGVtYV92ZXJzaW9uIjoiMSJ9",
          "dependencies": [
            "aws_vpc.sample_vpc"
          ]
        }
      ]
    },
    {
      "mode": "managed",
      "type": "aws_vpc",
      "name": "sample_vpc",
      "provider": "provider[\"registry.terraform.io/hashicorp/aws\"]",
      "instances": [
        {
          "schema_version": 1,
          "attributes": {
            "arn": "arn:aws:ec2:us-east-1:590904442928:vpc/vpc-06c39778c6b26e341",
            "assign_generated_ipv6_cidr_block": false,
            "cidr_block": "10.0.0.0/16",
            "default_network_acl_id": "acl-09812af3c6117ef7e",
            "default_route_table_id": "rtb-05a0072e4354aa547",
            "default_security_group_id": "sg-0ff28758856906138",
            "dhcp_options_id": "dopt-0cb7db4d8b706482f",
            "enable_classiclink": false,
            "enable_classiclink_dns_support": false,
            "enable_dns_hostnames": true,
            "enable_dns_support": true,
            "enable_network_address_usage_metrics": false,
            "id": "vpc-06c39778c6b26e341",
            "instance_tenancy": "default",
            "ipv4_ipam_pool_id": null,
            "ipv4_netmask_length": null,
            "ipv6_association_id": "",
            "ipv6_cidr_block": "",
            "ipv6_cidr_block_network_border_group": "",
            "ipv6_ipam_pool_id": "",
            "ipv6_netmask_length": 0,
            "main_route_table_id": "rtb-05a0072e4354aa547",
            "owner_id": "590904442928",
            "tags": null,
            "tags_all": {}
          },
          "sensitive_attributes": [],
          "private": "eyJzY2hlbWFfdmVyc2lvbiI6IjEifQ=="
        }
      ]
    }
  ]
}
